
Microsoft Visual Studio Solution File, Format Version 12.00
# Visual Studio Version 17
VisualStudioVersion = 17.0.31717.71
MinimumVisualStudioVersion = 10.0.40219.1
Project("{9A19103F-16F7-4668-BE54-9A1E7A4F7556}") = "IS.Data", "IS.Data\IS.Data.csproj", "{66FF95F8-565A-4F4C-83EB-DE9782E1D19D}"
EndProject
Project("{9A19103F-16F7-4668-BE54-9A1E7A4F7556}") = "IS.Business", "IS.Business\IS.Business.csproj", "{2C68022A-1162-426C-A715-CC30639927EE}"
EndProject
Project("{9A19103F-16F7-4668-BE54-9A1E7A4F7556}") = "IS.Business.Tests", "IS.Business.Tests\IS.Business.Tests.csproj", "{793D0CF9-51EA-4BB8-866C-F2C36B15D832}"
EndProject
Global
	GlobalSection(SolutionConfigurationPlatforms) = preSolution
		Debug|Any CPU = Debug|Any CPU
		Release|Any CPU = Release|Any CPU
	EndGlobalSection
	GlobalSection(ProjectConfigurationPlatforms) = postSolution
		{66FF95F8-565A-4F4C-83EB-DE9782E1D19D}.Debug|Any CPU.ActiveCfg = Debug|Any CPU
		{66FF95F8-565A-4F4C-83EB-DE9782E1D19D}.Debug|Any CPU.Build.0 = Debug|Any CPU
		{66FF95F8-565A-4F4C-83EB-DE9782E1D19D}.Release|Any CPU.ActiveCfg = Release|Any CPU
		{66FF95F8-565A-4F4C-83EB-DE9782E1D19D}.Release|Any CPU.Build.0 = Release|Any CPU
		{2C68022A-1162-426C-A715-CC30639927EE}.Debug|Any CPU.ActiveCfg = Debug|Any CPU
		{2C68022A-1162-426C-A715-CC30639927EE}.Debug|Any CPU.Build.0 = Debug|Any CPU
		{2C68022A-1162-426C-A715-CC30639927EE}.Release|Any CPU.ActiveCfg = Release|Any CPU
		{2C68022A-1162-426C-A715-CC30639927EE}.Release|Any CPU.Build.0 = Release|Any CPU
		{793D0CF9-51EA-4BB8-866C-F2C36B15D832}.Debug|Any CPU.ActiveCfg = Debug|Any CPU
		{793D0CF9-51EA-4BB8-866C-F2C36B15D832}.Debug|Any CPU.Build.0 = Debug|Any CPU
		{793D0CF9-51EA-4BB8-866C-F2C36B15D832}.Release|Any CPU.ActiveCfg = Release|Any CPU
		{793D0CF9-51EA-4BB8-866C-F2C36B15D832}.Release|Any CPU.Build.0 = Release|Any CPU
	EndGlobalSection
	GlobalSection(SolutionProperties) = preSolution
		HideSolutionNode = FALSE
	EndGlobalSection
	GlobalSection(ExtensibilityGlobals) = postSolution
		SolutionGuid = {DFFC2F30-DB2B-427F-99A9-021385700088}
	EndGlobalSection
EndGlobal
